
Microsoft Visual Studio Solution File, Format Version 12.00
# Visual Studio Version 17
VisualStudioVersion = 17.6.33829.357
MinimumVisualStudioVersion = 10.0.40219.1
Project("{FAE04EC0-301F-11D3-BF4B-00C04F79EFBC}") = "ConsumeCDCData", "ConsumeCDCData.csproj", "{29995FF6-599D-4DC1-A3B4-03ACF0D09C67}"
EndProject
Global
	GlobalSection(SolutionConfigurationPlatforms) = preSolution
		Debug|Any CPU = Debug|Any CPU
		Release|Any CPU = Release|Any CPU
	EndGlobalSection
	GlobalSection(ProjectConfigurationPlatforms) = postSolution
		{29995FF6-599D-4DC1-A3B4-03ACF0D09C67}.Debug|Any CPU.ActiveCfg = Debug|Any CPU
		{29995FF6-599D-4DC1-A3B4-03ACF0D09C67}.Debug|Any CPU.Build.0 = Debug|Any CPU
		{29995FF6-599D-4DC1-A3B4-03ACF0D09C67}.Release|Any CPU.ActiveCfg = Release|Any CPU
		{29995FF6-599D-4DC1-A3B4-03ACF0D09C67}.Release|Any CPU.Build.0 = Release|Any CPU
	EndGlobalSection
	GlobalSection(SolutionProperties) = preSolution
		HideSolutionNode = FALSE
	EndGlobalSection
	GlobalSection(ExtensibilityGlobals) = postSolution
		SolutionGuid = {D24C3524-17AA-4F5D-90B3-9BF4B1F0E193}
	EndGlobalSection
EndGlobal
